version = 1
created_by = "vo mod add"

[root]
module = "github.com/vo-lang/blockkart"
vo = "^0.1.0"

[[resolved]]
path = "github.com/vo-lang/vogui"
version = "v0.1.14"
vo = "^0.1.0"
commit = "18ad520ccaee8665e5b5681194ad8de3509aef64"
release_manifest = "sha256:3a6a38f108876ad45a939b754fe3ff2e8ce0a77667292a21d505fd3b0a794660"
source = "sha256:98295485d728ac70c963cf151386b203d68065ff0397ce43f19e5e86d2fc67ab"
deps = []

[[resolved.artifact]]
kind = "extension-native"
target = "aarch64-apple-darwin"
name = "libvo_vogui.dylib"
size = 1590848
digest = "sha256:2c6de887edb5b89a690b7100da1295757ecde3f9d76ad73a63760983a7ed6a49"

[[resolved.artifact]]
kind = "extension-native"
target = "x86_64-pc-windows-msvc"
name = "vo_vogui.dll"
size = 1381376
digest = "sha256:6ee0e663b71e89867b1816ae297cc6c76bee081f1df57e4ce4effcabef4895ee"

[[resolved.artifact]]
kind = "extension-native"
target = "x86_64-unknown-linux-gnu"
name = "libvo_vogui.so"
size = 2068016
digest = "sha256:509a7cba71b1d3b3da05eb05a6f441c331d68e58e42ec5217337c3cd07306e18"

[[resolved.artifact]]
kind = "extension-wasm"
target = "wasm32-unknown-unknown"
name = "vogui.wasm"
size = 29805
digest = "sha256:a8cd94beffcec3d8d3d70940435a86fb2ad38e78268d691fb48433406d1bfd9c"

[[resolved]]
path = "github.com/vo-lang/vopack"
version = "v0.1.2"
vo = "^0.1.0"
commit = "d2063001e66405ad800bdabe0c7e7ff6343149de"
release_manifest = "sha256:dbac1aac7641ff2d61abe05d902c215ba31aa7dac0b67da825c6810ffb05ce33"
source = "sha256:a9018288c427c06c434c623504591ef32a666568de6524ca84af27dd2e6f0f45"
deps = []

[[resolved]]
path = "github.com/vo-lang/voplay"
version = "v0.1.25"
vo = "^0.1.0"
commit = "786ae4250461cbf2b0f02d66f8ed6d52b3bb3b58"
release_manifest = "sha256:95295ae2eddbd4167d9f1c1a22a893b4d4ff6c25ec0fc6519341e9fd72d6fb83"
source = "sha256:bdac915cc463a532af887b9be3d4d0412110af17ef414c27398d087ba85ca04c"
deps = ["github.com/vo-lang/vogui", "github.com/vo-lang/vopack"]

[[resolved.artifact]]
kind = "extension-js-glue"
target = "wasm32-unknown-unknown"
name = "voplay_island.js"
size = 101455
digest = "sha256:144d465cd057545b81d091c67a9f234a40d6449431fc071eff7c347d92aa0559"

[[resolved.artifact]]
kind = "extension-native"
target = "aarch64-apple-darwin"
name = "libvo_voplay.dylib"
size = 10007552
digest = "sha256:8adbb0c142a7708debff77bd088b402a1df4778b37aaf1a1261e349c72df9b5d"

[[resolved.artifact]]
kind = "extension-native"
target = "x86_64-unknown-linux-gnu"
name = "libvo_voplay.so"
size = 13558368
digest = "sha256:aab94e2aaecb8ccb3fc52dcfdd3afd192ebf43088841cf382bb91357723a2e3d"

[[resolved.artifact]]
kind = "extension-wasm"
target = "wasm32-unknown-unknown"
name = "voplay_island_bg.wasm"
size = 3368967
digest = "sha256:5a00822b3df5c066196913068c0ccccaae9aa6c21f8ab213a3548a4a8902c082"
