version = 1
created_by = "vo mod sync"

[root]
module = "github.com/vo-lang/marblerush"
vo = "^0.1.0"

[[resolved]]
path = "github.com/vo-lang/vogui"
version = "v0.1.4"
vo = "^0.1.0"
commit = "8540905ca476366693f7f03549e6cb278e90ceaf"
release_manifest = "sha256:99d5abe72fd24f0cb6c5f8a78947f7de8115db1f87af4457931b23f74542c48d"
source = "sha256:d3e4064cc14e687ad58ec5d2c3e4311a5cc9551b01568c8ca8c6b12ecd87f3b1"
deps = []

[[resolved.artifact]]
kind = "extension-native"
target = "x86_64-unknown-linux-gnu"
name = "libvo_vogui.so"
size = 1942944
digest = "sha256:63f187895d30ab25b31c38fd5f365945f77e242eb050b4538ca3039b63bfbbc8"

[[resolved.artifact]]
kind = "extension-wasm"
target = "wasm32-unknown-unknown"
name = "vogui.wasm"
size = 26408
digest = "sha256:a0d47f6756dc04643fa42fe4ed1187d0671e49b1f1ea41b40fe497fdcfa64520"

[[resolved]]
path = "github.com/vo-lang/vopack"
version = "v0.1.0"
vo = "^0.1.0"
commit = "9b9ed084848c9621aacc5948b384e704ffdc6406"
release_manifest = "sha256:f8d4c62e0435f92334bd2e480ba28bf6549c6556dbbd1ae7f262c52752210d9b"
source = "sha256:66332c9bcae3d0c060d86de987a717bc3e5d86bcbf8439e0bea18cba339d0f72"
deps = []

[[resolved]]
path = "github.com/vo-lang/voplay"
version = "v0.1.11"
vo = "^0.1.0"
commit = "26dd87a0b7ad325e5faa1d6fb45b9d3d3c8e3188"
release_manifest = "sha256:7ba5cedd151ccbf282e401b759602fa45cf74cfa829cfff31447307c3bd2b6d7"
source = "sha256:03bf4a67def6ce69da73a31cf8b497677f23d6b28aabdc8062d88228f7613a35"
deps = ["github.com/vo-lang/vogui", "github.com/vo-lang/vopack"]

[[resolved.artifact]]
kind = "extension-js-glue"
target = "wasm32-unknown-unknown"
name = "voplay_island.js"
size = 95003
digest = "sha256:05d14bb08c0bb2f48722fb6e3dcede87f34918bd456cb17c6d27b29da9a2c0d8"

[[resolved.artifact]]
kind = "extension-wasm"
target = "wasm32-unknown-unknown"
name = "voplay_island_bg.wasm"
size = 3142609
digest = "sha256:9acdc0e0b4cb5e9809ffa0c27f4aa490add823f8f3e8d2eb0d28583216c3afcd"
